version = 1
revision = 2
requires-python = ">=3.12"

[[package]]
name = "annotated-types"
version = "0.7.0"
source = { registry = "https://pypi.org/simple" }
sdist = { url = "https://files.pythonhosted.org/packages/ee/67/531ea369ba64dcff5ec9c3402f9f51bf748cec26dde048a2f973a4eea7f5/annotated_types-0.7.0.tar.gz", hash = "sha256:aff07c09a53a08bc8cfccb9c85b05f1aa9a2a6f23728d790723543408344ce89", size = 16081, upload-time = "2024-05-20T21:33:25.928Z" }
wheels = [
    { url = "https://files.pythonhosted.org/packages/78/b6/6307fbef88d9b5ee7421e68d78a9f162e0da4900bc5f5793f6d3d0e34fb8/annotated_types-0.7.0-py3-none-any.whl", hash = "sha256:1f02e8b43a8fbbc3f3e0d4f0f4bfc8131bcb4eebe8849b8e5c773f3a1c582a53", size = 13643, upload-time = "2024-05-20T21:33:24.1Z" },
]

[[package]]
name = "dnspython"
version = "2.7.0"
source = { registry = "https://pypi.org/simple" }
sdist = { url = "https://files.pythonhosted.org/packages/b5/4a/263763cb2ba3816dd94b08ad3a33d5fdae34ecb856678773cc40a3605829/dnspython-2.7.0.tar.gz", hash = "sha256:ce9c432eda0dc91cf618a5cedf1a4e142651196bbcd2c80e89ed5a907e5cfaf1", size = 345197, upload-time = "2024-10-05T20:14:59.362Z" }
wheels = [
    { url = "https://files.pythonhosted.org/packages/68/1b/e0a87d256e40e8c888847551b20a017a6b98139178505dc7ffb96f04e954/dnspython-2.7.0-py3-none-any.whl", hash = "sha256:b4c34b7d10b51bcc3a5071e7b8dee77939f1e878477eeecc965e9835f63c6c86", size = 313632, upload-time = "2024-10-05T20:14:57.687Z" },
]

[[package]]
name = "email-validator"
version = "2.2.0"
source = { registry = "https://pypi.org/simple" }
dependencies = [
    { name = "dnspython" },
    { name = "idna" },
]
sdist = { url = "https://files.pythonhosted.org/packages/48/ce/13508a1ec3f8bb981ae4ca79ea40384becc868bfae97fd1c942bb3a001b1/email_validator-2.2.0.tar.gz", hash = "sha256:cb690f344c617a714f22e66ae771445a1ceb46821152df8e165c5f9a364582b7", size = 48967, upload-time = "2024-06-20T11:30:30.034Z" }
wheels = [
    { url = "https://files.pythonhosted.org/packages/d7/ee/bf0adb559ad3c786f12bcbc9296b3f5675f529199bef03e2df281fa1fadb/email_validator-2.2.0-py3-none-any.whl", hash = "sha256:561977c2d73ce3611850a06fa56b414621e0c8faa9d66f2611407d87465da631", size = 33521, upload-time = "2024-06-20T11:30:28.248Z" },
]

[[package]]
name = "idna"
version = "3.10"
source = { registry = "https://pypi.org/simple" }
sdist = { url = "https://files.pythonhosted.org/packages/f1/70/7703c29685631f5a7590aa73f1f1d3fa9a380e654b86af429e0934a32f7d/idna-3.10.tar.gz", hash = "sha256:12f65c9b470abda6dc35cf8e63cc574b1c52b11df2c86030af0ac09b01b13ea9", size = 190490, upload-time = "2024-09-15T18:07:39.745Z" }
wheels = [
    { url = "https://files.pythonhosted.org/packages/76/c6/c88e154df9c4e1a2a66ccf0005a88dfb2650c1dffb6f5ce603dfbd452ce3/idna-3.10-py3-none-any.whl", hash = "sha256:946d195a0d259cbba61165e88e65941f16e9b36ea6ddb97f00452bae8b1287d3", size = 70442, upload-time = "2024-09-15T18:07:37.964Z" },
]

[[package]]
name = "local-db-psql-fastapi"
version = "0.1.0"
source = { virtual = "." }
dependencies = [
    { name = "pydantic", extra = ["email", "timezone"] },
]

[package.metadata]
requires-dist = [{ name = "pydantic", extras = ["email", "timezone"], git = "https://github.com/pydantic/pydantic?rev=main" }]

[[package]]
name = "pydantic"
version = "2.11.7"
source = { git = "https://github.com/pydantic/pydantic?rev=main#b0175de473823f6f6927b9ecdc8998059727a086" }
dependencies = [
    { name = "annotated-types" },
    { name = "pydantic-core" },
    { name = "typing-extensions" },
    { name = "typing-inspection" },
]

[package.optional-dependencies]
email = [
    { name = "email-validator" },
]
timezone = [
    { name = "tzdata", marker = "sys_platform == 'win32'" },
]

[[package]]
name = "pydantic-core"
version = "2.35.1"
source = { registry = "https://pypi.org/simple" }
dependencies = [
    { name = "typing-extensions" },
]
sdist = { url = "https://files.pythonhosted.org/packages/de/b1/44463b3e108acca6678ce1eb516998df704dd4005e289091d57bde89ede7/pydantic_core-2.35.1.tar.gz", hash = "sha256:54d93282d8307dcd504a645326b92414364ff75c0f3909bdf00016c82f66c96c", size = 437737, upload-time = "2025-06-11T12:28:19.819Z" }
wheels = [
    { url = "https://files.pythonhosted.org/packages/79/e0/db8b2501d44d630a07e650322eea6af6e29bce107852f45a722f1abc0f6c/pydantic_core-2.35.1-cp312-cp312-macosx_10_12_x86_64.whl", hash = "sha256:d9fd22bdb2dc3d18660ee36af43ea198c1296011d16cbbd4ee6e5c3d07fcabf0", size = 2066136, upload-time = "2025-06-11T12:25:47.834Z" },
    { url = "https://files.pythonhosted.org/packages/69/02/425e9fe79276a137d13aca5279bd241cb71a9e33cd48b82cf4e9b8fd88df/pydantic_core-2.35.1-cp312-cp312-macosx_11_0_arm64.whl", hash = "sha256:2893800628d5cf15f669f084cc44d8bfad9fe97992453d0d678b29f635aa6019", size = 1856402, upload-time = "2025-06-11T12:25:49.469Z" },
    { url = "https://files.pythonhosted.org/packages/f6/12/8f7a3a211c8c4bb6c3fab628ee0214cbb17414bac34bad5d9d2829d2d0d9/pydantic_core-2.35.1-cp312-cp312-manylinux_2_17_aarch64.manylinux2014_aarch64.whl", hash = "sha256:e3ffb0045571ca255949c9e47068cda7b511fda24b8c89d1334afa521ff9ff77", size = 1923269, upload-time = "2025-06-11T12:25:51.339Z" },
    { url = "https://files.pythonhosted.org/packages/b7/a2/af13d877eac6ef7b95a9405427fd0ef3ead279646a5d9149376c8356902d/pydantic_core-2.35.1-cp312-cp312-manylinux_2_17_armv7l.manylinux2014_armv7l.whl", hash = "sha256:4927a4795bf00a770cb5d1acc086002f5a5b3d6ec80839bb44e3d99896136e5b", size = 2005723, upload-time = "2025-06-11T12:25:52.76Z" },
    { url = "https://files.pythonhosted.org/packages/90/a9/76eaa613b36e0fbf7f60550045181930c8b1d19afe52163f088ff987cbd3/pydantic_core-2.35.1-cp312-cp312-manylinux_2_17_ppc64le.manylinux2014_ppc64le.whl", hash = "sha256:21dce7e75e47859239c5e64e6db67af78045112e5fc0923c2610ecc2a44c5eb4", size = 2176167, upload-time = "2025-06-11T12:25:54.157Z" },
    { url = "https://files.pythonhosted.org/packages/84/5d/6ee15214dfcc807de4c8790da6e47a3d1b0bbb4fbbc76fe953c0c8cdc600/pydantic_core-2.35.1-cp312-cp312-manylinux_2_17_s390x.manylinux2014_s390x.whl", hash = "sha256:b030ce1cb2b6cd111b1f46f05eff6c5eec82df738f3cdaef304118806afd9292", size = 2292206, upload-time = "2025-06-11T12:25:56.036Z" },
    { url = "https://files.pythonhosted.org/packages/d7/d9/559fa50241070ef9945f80f8b6feca55956acf9d0411ebce776791d410a2/pydantic_core-2.35.1-cp312-cp312-manylinux_2_17_x86_64.manylinux2014_x86_64.whl", hash = "sha256:68db1ac1fd2a35a2967e696cb82f5b8d8c780b80bf2f2d9e9aeb2d7d3cd6d2ae", size = 2022850, upload-time = "2025-06-11T12:25:57.481Z" },
    { url = "https://files.pythonhosted.org/packages/e7/71/db3eda424d9b702615c77ae50df14f17f5189a9198274aec994f8da30e23/pydantic_core-2.35.1-cp312-cp312-manylinux_2_5_i686.manylinux1_i686.whl", hash = "sha256:2daea8e75b3d86d385ef351e06e575fd0e253620d06154b557c274bd53d09ab9", size = 2145298, upload-time = "2025-06-11T12:25:59.36Z" },
    { url = "https://files.pythonhosted.org/packages/5e/02/810723db2f81ebb9c62db6680d64aa7778180b11c476751cdbb82736d573/pydantic_core-2.35.1-cp312-cp312-musllinux_1_1_aarch64.whl", hash = "sha256:45b123e9dd870687f001a3b73db7285ba8077e15b6f1523ea604ec8cfd235784", size = 2102544, upload-time = "2025-06-11T12:26:00.893Z" },
    { url = "https://files.pythonhosted.org/packages/ce/dc/930c5baa8dc60f0f8307eb3f1f58059065d461a3ab1f1d607402485c7fe2/pydantic_core-2.35.1-cp312-cp312-musllinux_1_1_armv7l.whl", hash = "sha256:bdc4bee29f211ed8ee5e417b0d6ce002aafe4bc4d7a849670a19cd232428978a", size = 2267755, upload-time = "2025-06-11T12:26:02.382Z" },
    { url = "https://files.pythonhosted.org/packages/49/47/bb245d6c22246885737b5ad929bec3e29a7d8078a4f734d3da741aab694d/pydantic_core-2.35.1-cp312-cp312-musllinux_1_1_x86_64.whl", hash = "sha256:3812567e431d00e6cbdf3d066abeb488ec4b6135395d2280d99f630c9acba8fa", size = 2286666, upload-time = "2025-06-11T12:26:03.874Z" },
    { url = "https://files.pythonhosted.org/packages/a5/bc/cdf079707ddf9d7a1828771a4c69d4381190f28e4bc94800e01ad3155db9/pydantic_core-2.35.1-cp312-cp312-win32.whl", hash = "sha256:b8098c00443d3dcdb33f3c6a0079c52eb721461d4429cae6e3165118fe5ecc46", size = 1921629, upload-time = "2025-06-11T12:26:05.381Z" },
    { url = "https://files.pythonhosted.org/packages/ac/15/b17c22ade13555a66c1017f1d610581473c648bffaaa3b3bfc386463ad60/pydantic_core-2.35.1-cp312-cp312-win_amd64.whl", hash = "sha256:44f8acc6108726cc90bcd08605d610e0b49736636854cf74eb2e3ce1df7242a8", size = 1980769, upload-time = "2025-06-11T12:26:07.365Z" },
    { url = "https://files.pythonhosted.org/packages/ae/7a/fb20fa55822c2808b7d3ee7350925271b7be41e29d2f9b39d6d3bd1cc14a/pydantic_core-2.35.1-cp312-cp312-win_arm64.whl", hash = "sha256:bba5c93dd92d8dd1cb5b95a19f4f27a353e5141694537781fd0359085ebf1e2d", size = 1933830, upload-time = "2025-06-11T12:26:09.295Z" },
    { url = "https://files.pythonhosted.org/packages/66/a1/9bbf3fc49322117084bc5e1aa510a1074b4d7eb5ced47b65dcbb8f6ae467/pydantic_core-2.35.1-cp313-cp313-macosx_10_12_x86_64.whl", hash = "sha256:461f2f770bab73a54cd4fa55da27c90f3840a6cd50ff77995642ebf3b9bad56c", size = 2071386, upload-time = "2025-06-11T12:26:10.847Z" },
    { url = "https://files.pythonhosted.org/packages/b7/df/1277a938e7a58e0865ebd374e8c6277b176d36b63f2935ef45d6f929ce4d/pydantic_core-2.35.1-cp313-cp313-macosx_11_0_arm64.whl", hash = "sha256:767a6dadf1fcc6b7e41dd6d4920621256e0a477fb16f7e7fcea7dd1b64452c23", size = 1855096, upload-time = "2025-06-11T12:26:12.81Z" },
    { url = "https://files.pythonhosted.org/packages/b4/70/e4454c6b971982c3a0be7dcfb342c9ae096ce16e13e581318b98a1783ec5/pydantic_core-2.35.1-cp313-cp313-manylinux_2_17_aarch64.manylinux2014_aarch64.whl", hash = "sha256:0c48328867d681916394731c62f479677dde07fc264488d492eefb221eece96e", size = 1926903, upload-time = "2025-06-11T12:26:14.349Z" },
    { url = "https://files.pythonhosted.org/packages/d4/2a/c1fa172ecb6fc8005c2f9b4aa83d2b36b3789f72507ec9dbe4f4cf7c4100/pydantic_core-2.35.1-cp313-cp313-manylinux_2_17_armv7l.manylinux2014_armv7l.whl", hash = "sha256:8f53822e5e2633fcff4fa07515d3f1b77ead733e9b9e98178cc1d625896623f2", size = 2014882, upload-time = "2025-06-11T12:26:15.889Z" },
    { url = "https://files.pythonhosted.org/packages/8a/1e/c3a08a435bbf860f2bf59b8fa8f0857fed5fb0b42233142a8d549e49cff9/pydantic_core-2.35.1-cp313-cp313-manylinux_2_17_ppc64le.manylinux2014_ppc64le.whl", hash = "sha256:437726d7acbcf504e92ef817c7845c4230e06eb5793f49db0729d148543db9a9", size = 2179854, upload-time = "2025-06-11T12:26:17.492Z" },
    { url = "https://files.pythonhosted.org/packages/c3/1e/eca89d4dd50f6bb066d03cd23a055b05842a9fe03ab9f8283f0b3d7d60ab/pydantic_core-2.35.1-cp313-cp313-manylinux_2_17_s390x.manylinux2014_s390x.whl", hash = "sha256:e1b409369664f49beb41a3c2c92d0e1af4729f8884550d0b01dd81463d3c22c7", size = 2290727, upload-time = "2025-06-11T12:26:21.021Z" },
    { url = "https://files.pythonhosted.org/packages/a9/b7/f9a5dcb090ea6b7c5db0bfbbabb5ea1e327f1b3c485719b8095333b83e36/pydantic_core-2.35.1-cp313-cp313-manylinux_2_17_x86_64.manylinux2014_x86_64.whl", hash = "sha256:634643a71266f1f49587aa6a675d05a0ad0f7ab92e58c5db801330f88bbe7d21", size = 2021039, upload-time = "2025-06-11T12:26:22.782Z" },
    { url = "https://files.pythonhosted.org/packages/6e/1c/e06fc0769e753b486bf4521c1d6d8275e75a9569e50d49b4996eea8c5269/pydantic_core-2.35.1-cp313-cp313-manylinux_2_5_i686.manylinux1_i686.whl", hash = "sha256:c7e932521333b8529c9b41c7b49016c1a58ddd9f7b1370e6edf06d4f64ae989e", size = 2151451, upload-time = "2025-06-11T12:26:24.394Z" },
    { url = "https://files.pythonhosted.org/packages/2f/16/d8ddab7a0b33c61de7ed2c6e08a83e45f257206362b4dbe0b26b42060ee7/pydantic_core-2.35.1-cp313-cp313-musllinux_1_1_aarch64.whl", hash = "sha256:1afc5a25f2e11c790f2a244538c42fd67b870cf070dac509996801f2455c17a2", size = 2105668, upload-time = "2025-06-11T12:26:26.661Z" },
    { url = "https://files.pythonhosted.org/packages/09/8e/8d6b13835884bfdb5c739ffe9c209746ca47a1fbf029b3dec89b855764ec/pydantic_core-2.35.1-cp313-cp313-musllinux_1_1_armv7l.whl", hash = "sha256:cbf218e9589a5d4f1469f7af8a4bd8721d3db3bb1ef06bb001b54f3cc138532a", size = 2276617, upload-time = "2025-06-11T12:26:28.398Z" },
    { url = "https://files.pythonhosted.org/packages/23/01/3e4b49ee9186e56cbf183f23956a1fc9de538ab1f84624da5e11f2ffbc8b/pydantic_core-2.35.1-cp313-cp313-musllinux_1_1_x86_64.whl", hash = "sha256:6431cb2c129bfb419ffef43cc915f13b2b855b80351b17fa6d0174908fb5dbd2", size = 2292685, upload-time = "2025-06-11T12:26:29.984Z" },
    { url = "https://files.pythonhosted.org/packages/26/ef/e4aaeb93bee1e8353e7bd2cf510cc453bda271b0c2db0502210ca3129145/pydantic_core-2.35.1-cp313-cp313-win32.whl", hash = "sha256:dbd775058ce2949bbdddc5e025fa7f5b52589f5c3254a6b6334ca60239e4ff56", size = 1930953, upload-time = "2025-06-11T12:26:31.713Z" },
    { url = "https://files.pythonhosted.org/packages/e7/d9/d34fb5d2ee0a19c27f7572076fbc3b716b27a9787f66beff57289c0f4e61/pydantic_core-2.35.1-cp313-cp313-win_amd64.whl", hash = "sha256:867fc87ec1c07e57eabbabce6fd63633f23977a2fac7606c66222d35d197b13e", size = 1980844, upload-time = "2025-06-11T12:26:33.602Z" },
    { url = "https://files.pythonhosted.org/packages/43/a8/a905194e9188b2580beebcd067b853e50e25a1888b21ef3c6c0a9adbd8d6/pydantic_core-2.35.1-cp313-cp313-win_arm64.whl", hash = "sha256:24005cd95198ca35b4d9a6b6d713502c3e2e9ec111abc99e4c69502618b2c6d8", size = 1940587, upload-time = "2025-06-11T12:26:35.763Z" },
    { url = "https://files.pythonhosted.org/packages/2a/0f/fb8a3bd86a09c6cc31c70f107a80cdd3536bdf5c7f6e23aa7d4bfd0ccc32/pydantic_core-2.35.1-cp313-cp313t-macosx_11_0_arm64.whl", hash = "sha256:b8e69498fc8c1f6a9776779960da12d399a2a826d9f857723a022300dfdd9b4c", size = 1811516, upload-time = "2025-06-11T12:26:37.449Z" },
    { url = "https://files.pythonhosted.org/packages/db/9f/b97630373dc794c5463fab5df0942e6723f5096000be0fc4788aecd09bdd/pydantic_core-2.35.1-cp313-cp313t-manylinux_2_17_x86_64.manylinux2014_x86_64.whl", hash = "sha256:26bf77255a1dc1d3f44927d35b64cd1034fba661b8740f00187378bd66bb0960", size = 1992413, upload-time = "2025-06-11T12:26:39.15Z" },
    { url = "https://files.pythonhosted.org/packages/a3/f9/ef42798818c247d9947ad24e3855ef4052bd2fcd6a3303aaf824618b127c/pydantic_core-2.35.1-cp313-cp313t-win_amd64.whl", hash = "sha256:ccf06a595368498a6be792b1b6f2ed3034423872657a1c84ff578825ec91cd89", size = 1944044, upload-time = "2025-06-11T12:26:40.906Z" },
    { url = "https://files.pythonhosted.org/packages/c5/6c/11aa67b2b3c19a473c851f4375ca6b8120a63a3783e2e89df2e1e52217ec/pydantic_core-2.35.1-cp314-cp314-macosx_10_12_x86_64.whl", hash = "sha256:549bf60752000998d2f894d142e632c3acdbcb1fa86cf365c7f7b7fb72d33cab", size = 2074973, upload-time = "2025-06-11T12:26:42.6Z" },
    { url = "https://files.pythonhosted.org/packages/ed/50/647acc440e5ec2eb72dfec111eec41e8c4e4e743ac549453d3b00d1aafdb/pydantic_core-2.35.1-cp314-cp314-macosx_11_0_arm64.whl", hash = "sha256:5544fa4465f6c362d23120bed096436188217da43678617cc0958359049b816b", size = 1847944, upload-time = "2025-06-11T12:26:44.364Z" },
    { url = "https://files.pythonhosted.org/packages/a4/1e/675ef7b162321957633440cf753c294402dcfc2a31f2b1c5e055dcfadb21/pydantic_core-2.35.1-cp314-cp314-manylinux_2_17_aarch64.manylinux2014_aarch64.whl", hash = "sha256:16c2f3624b222a5f3f0db601c7982d991550682f248f2b299c8def6b29eca1c5", size = 1924902, upload-time = "2025-06-11T12:26:46.076Z" },
    { url = "https://files.pythonhosted.org/packages/4f/d8/9eea60bc8d556d5137026e2944ffe37b5f3846a69d432a9208e9f07bb78a/pydantic_core-2.35.1-cp314-cp314-manylinux_2_17_armv7l.manylinux2014_armv7l.whl", hash = "sha256:a4ae43172e78dcd84d99e484038f6f84f7c677b4e2b8df01deb7f022903bb07c", size = 2017394, upload-time = "2025-06-11T12:26:48.094Z" },
    { url = "https://files.pythonhosted.org/packages/5e/75/5b8b740be488225520e42dc090dcf9c52c7b5a98e5c37d3905104d56020c/pydantic_core-2.35.1-cp314-cp314-manylinux_2_17_ppc64le.manylinux2014_ppc64le.whl", hash = "sha256:6d1f242aaaa2b8931108d9890eabd194c412e0b5a10651ed631f685d46987f2e", size = 2180462, upload-time = "2025-06-11T12:26:49.914Z" },
    { url = "https://files.pythonhosted.org/packages/72/d7/6487a0e5581767c1494913b34795c015834f69ddf810519058190b75cb2a/pydantic_core-2.35.1-cp314-cp314-manylinux_2_17_s390x.manylinux2014_s390x.whl", hash = "sha256:98f30321014ea6ee252ebc43f848bae6bde6e379f689b1cdb38087ce57cd31be", size = 2294552, upload-time = "2025-06-11T12:26:51.672Z" },
    { url = "https://files.pythonhosted.org/packages/0e/b7/0575551861923caafc3a22c0eaeced8950e6df7b21f4aa93bc4d9810c3ce/pydantic_core-2.35.1-cp314-cp314-manylinux_2_17_x86_64.manylinux2014_x86_64.whl", hash = "sha256:8926dad1ac18f4668250ef62354b3535bd09869783511ddac0a0403dc90b10e7", size = 2017990, upload-time = "2025-06-11T12:26:53.408Z" },
    { url = "https://files.pythonhosted.org/packages/d9/bb/ad2c1d5ac08f7ef2009427ccfe4f50daa4332f114f997c63f659bf9a68c2/pydantic_core-2.35.1-cp314-cp314-manylinux_2_5_i686.manylinux1_i686.whl", hash = "sha256:c3c77ca9027604cb90471a45b642763478f337e477e9c3c9698c409d64303b70", size = 2153347, upload-time = "2025-06-11T12:26:55.2Z" },
    { url = "https://files.pythonhosted.org/packages/f0/df/dfcb2ed7454f177d6e068d586defaad1f4fff73823a1e185fd117daee7b1/pydantic_core-2.35.1-cp314-cp314-musllinux_1_1_aarch64.whl", hash = "sha256:e48d89eb0fab2944362b387c6c942e48a735f1a6a90a8a77815c5410253cc4f7", size = 2104105, upload-time = "2025-06-11T12:26:56.983Z" },
    { url = "https://files.pythonhosted.org/packages/35/f8/553f0260b60eea962bdb49e4774522fdac3352504500ed0ad7c3e971299c/pydantic_core-2.35.1-cp314-cp314-musllinux_1_1_armv7l.whl", hash = "sha256:8522ada751d21693d6758c7c5757de744fd62a91a374deb08dc173fb738655f7", size = 2279255, upload-time = "2025-06-11T12:26:58.85Z" },
    { url = "https://files.pythonhosted.org/packages/33/a6/41a3d82790c11880f2ca5a3a4e0c0c418b3b5101eac2ed0dfe0df5293ac5/pydantic_core-2.35.1-cp314-cp314-musllinux_1_1_x86_64.whl", hash = "sha256:c8a1383d0a62622f9b1888e11b6c7e9ecd584d80e9e6fc2da0a8a1eec6365503", size = 2293867, upload-time = "2025-06-11T12:27:00.737Z" },
    { url = "https://files.pythonhosted.org/packages/00/99/9a0b6d814545944a9b7cccaf764a3745eb2da015ea46f1bb1606fbf36d21/pydantic_core-2.35.1-cp314-cp314-win32.whl", hash = "sha256:4d25858b79222eb8e0b3078858a2780f5e7a2b9742f8ba42308e6874b654b42e", size = 1933566, upload-time = "2025-06-11T12:27:02.528Z" },
    { url = "https://files.pythonhosted.org/packages/86/b5/97870eaad658cf5a501b008c07252ace6031b88b741c4e2afcf229740cc4/pydantic_core-2.35.1-cp314-cp314-win_amd64.whl", hash = "sha256:f57e0ab3db0ed2397b33ed88965f7aa71509bbeed7dee993555bb9194b57c5a0", size = 1975308, upload-time = "2025-06-11T12:27:04.362Z" },
    { url = "https://files.pythonhosted.org/packages/69/8b/557593ce15a5ab81eb0752428d697ee7ade497d3fce981f0611e1c919a70/pydantic_core-2.35.1-cp314-cp314-win_arm64.whl", hash = "sha256:c106e5c8377b7066232e7cb6e432bf5d94c55a135a082e160c29d8d350fcfdde", size = 1941096, upload-time = "2025-06-11T12:27:06.184Z" },
    { url = "https://files.pythonhosted.org/packages/60/e2/0320e3116098f39db38c64cc11cc948f757aa1524a5cbe815b3075f2e784/pydantic_core-2.35.1-cp314-cp314t-macosx_11_0_arm64.whl", hash = "sha256:6a04af9b37d3be241a2f2b10c3db0abeaadaff818f8c96ff7ae9ad9ac78ab287", size = 1812480, upload-time = "2025-06-11T12:27:08.088Z" },
    { url = "https://files.pythonhosted.org/packages/9b/5d/49147336ab78db14c7d26685fb678d029fb6a47f2dbc5c4dccd1950e8f06/pydantic_core-2.35.1-cp314-cp314t-manylinux_2_17_x86_64.manylinux2014_x86_64.whl", hash = "sha256:71c312eb422177818f31fed80e23606a02ab87f540327992b5cd10879a238ec8", size = 1992353, upload-time = "2025-06-11T12:27:09.962Z" },
    { url = "https://files.pythonhosted.org/packages/aa/90/35fd107cdffdadef00ea1f1e5288923e1f1df120abcbedc6d2854aa47378/pydantic_core-2.35.1-cp314-cp314t-win_amd64.whl", hash = "sha256:ae8fc5835a2e7134145a2f5f30a93a79a15ca2df140d9cff39b6a02d41834f8c", size = 1945328, upload-time = "2025-06-11T12:27:11.855Z" },
]

[[package]]
name = "typing-extensions"
version = "4.14.1"
source = { registry = "https://pypi.org/simple" }
sdist = { url = "https://files.pythonhosted.org/packages/98/5a/da40306b885cc8c09109dc2e1abd358d5684b1425678151cdaed4731c822/typing_extensions-4.14.1.tar.gz", hash = "sha256:38b39f4aeeab64884ce9f74c94263ef78f3c22467c8724005483154c26648d36", size = 107673, upload-time = "2025-07-04T13:28:34.16Z" }
wheels = [
    { url = "https://files.pythonhosted.org/packages/b5/00/d631e67a838026495268c2f6884f3711a15a9a2a96cd244fdaea53b823fb/typing_extensions-4.14.1-py3-none-any.whl", hash = "sha256:d1e1e3b58374dc93031d6eda2420a48ea44a36c2b4766a4fdeb3710755731d76", size = 43906, upload-time = "2025-07-04T13:28:32.743Z" },
]

[[package]]
name = "typing-inspection"
version = "0.4.1"
source = { registry = "https://pypi.org/simple" }
dependencies = [
    { name = "typing-extensions" },
]
sdist = { url = "https://files.pythonhosted.org/packages/f8/b1/0c11f5058406b3af7609f121aaa6b609744687f1d158b3c3a5bf4cc94238/typing_inspection-0.4.1.tar.gz", hash = "sha256:6ae134cc0203c33377d43188d4064e9b357dba58cff3185f22924610e70a9d28", size = 75726, upload-time = "2025-05-21T18:55:23.885Z" }
wheels = [
    { url = "https://files.pythonhosted.org/packages/17/69/cd203477f944c353c31bade965f880aa1061fd6bf05ded0726ca845b6ff7/typing_inspection-0.4.1-py3-none-any.whl", hash = "sha256:389055682238f53b04f7badcb49b989835495a96700ced5dab2d8feae4b26f51", size = 14552, upload-time = "2025-05-21T18:55:22.152Z" },
]

[[package]]
name = "tzdata"
version = "2025.2"
source = { registry = "https://pypi.org/simple" }
sdist = { url = "https://files.pythonhosted.org/packages/95/32/1a225d6164441be760d75c2c42e2780dc0873fe382da3e98a2e1e48361e5/tzdata-2025.2.tar.gz", hash = "sha256:b60a638fcc0daffadf82fe0f57e53d06bdec2f36c4df66280ae79bce6bd6f2b9", size = 196380, upload-time = "2025-03-23T13:54:43.652Z" }
wheels = [
    { url = "https://files.pythonhosted.org/packages/5c/23/c7abc0ca0a1526a0774eca151daeb8de62ec457e77262b66b359c3c7679e/tzdata-2025.2-py2.py3-none-any.whl", hash = "sha256:1a403fada01ff9221ca8044d701868fa132215d84beb92242d9acd2147f667a8", size = 347839, upload-time = "2025-03-23T13:54:41.845Z" },
]
